
Microsoft Visual Studio Solution File, Format Version 12.00
# Visual Studio Version 17
VisualStudioVersion = 17.7.34024.191
MinimumVisualStudioVersion = 10.0.40219.1
Project("{8BC9CEB8-8B4A-11D0-8D11-00A0C91BC942}") = "8.30.c", "8.30.c\8.30.c.vcxproj", "{F27BDE95-39A1-4A53-A485-DE2387CBC8CB}"
EndProject
Global
	GlobalSection(SolutionConfigurationPlatforms) = preSolution
		Debug|x64 = Debug|x64
		Debug|x86 = Debug|x86
		Release|x64 = Release|x64
		Release|x86 = Release|x86
	EndGlobalSection
	GlobalSection(ProjectConfigurationPlatforms) = postSolution
		{F27BDE95-39A1-4A53-A485-DE2387CBC8CB}.Debug|x64.ActiveCfg = Debug|x64
		{F27BDE95-39A1-4A53-A485-DE2387CBC8CB}.Debug|x64.Build.0 = Debug|x64
		{F27BDE95-39A1-4A53-A485-DE2387CBC8CB}.Debug|x86.ActiveCfg = Debug|Win32
		{F27BDE95-39A1-4A53-A485-DE2387CBC8CB}.Debug|x86.Build.0 = Debug|Win32
		{F27BDE95-39A1-4A53-A485-DE2387CBC8CB}.Release|x64.ActiveCfg = Release|x64
		{F27BDE95-39A1-4A53-A485-DE2387CBC8CB}.Release|x64.Build.0 = Release|x64
		{F27BDE95-39A1-4A53-A485-DE2387CBC8CB}.Release|x86.ActiveCfg = Release|Win32
		{F27BDE95-39A1-4A53-A485-DE2387CBC8CB}.Release|x86.Build.0 = Release|Win32
	EndGlobalSection
	GlobalSection(SolutionProperties) = preSolution
		HideSolutionNode = FALSE
	EndGlobalSection
	GlobalSection(ExtensibilityGlobals) = postSolution
		SolutionGuid = {7B494BAB-B289-4547-8A03-202E61E85301}
	EndGlobalSection
EndGlobal
